
Microsoft Visual Studio Solution File, Format Version 12.00
# Visual Studio Version 16
VisualStudioVersion = 16.0.810.17
MinimumVisualStudioVersion = 10.0.40219.1
Project("{FAE04EC0-301F-11D3-BF4B-00C04F79EFBC}") = "TennisClub", "TennisClub\TennisClub.csproj", "{50F82E81-4F32-452B-8D8F-62B5F9EAEEAE}"
EndProject
Global
	GlobalSection(SolutionConfigurationPlatforms) = preSolution
		Debug|Any CPU = Debug|Any CPU
		Release|Any CPU = Release|Any CPU
	EndGlobalSection
	GlobalSection(ProjectConfigurationPlatforms) = postSolution
		{50F82E81-4F32-452B-8D8F-62B5F9EAEEAE}.Debug|Any CPU.ActiveCfg = Debug|Any CPU
		{50F82E81-4F32-452B-8D8F-62B5F9EAEEAE}.Debug|Any CPU.Build.0 = Debug|Any CPU
		{50F82E81-4F32-452B-8D8F-62B5F9EAEEAE}.Release|Any CPU.ActiveCfg = Release|Any CPU
		{50F82E81-4F32-452B-8D8F-62B5F9EAEEAE}.Release|Any CPU.Build.0 = Release|Any CPU
	EndGlobalSection
	GlobalSection(SolutionProperties) = preSolution
		HideSolutionNode = FALSE
	EndGlobalSection
	GlobalSection(ExtensibilityGlobals) = postSolution
		SolutionGuid = {CB153F17-6E69-4A94-BE90-2F78D7616454}
	EndGlobalSection
EndGlobal
